
Microsoft Visual Studio Solution File, Format Version 12.00
# Visual Studio Version 16
VisualStudioVersion = 16.0.30717.126
MinimumVisualStudioVersion = 10.0.40219.1
Project("{FAE04EC0-301F-11D3-BF4B-00C04F79EFBC}") = "view-component", "view-component.csproj", "{C7AA5DAB-5420-4340-92CF-DECCCC5BBB7F}"
EndProject
Global
	GlobalSection(SolutionConfigurationPlatforms) = preSolution
		Debug|Any CPU = Debug|Any CPU
		Release|Any CPU = Release|Any CPU
	EndGlobalSection
	GlobalSection(ProjectConfigurationPlatforms) = postSolution
		{C7AA5DAB-5420-4340-92CF-DECCCC5BBB7F}.Debug|Any CPU.ActiveCfg = Debug|Any CPU
		{C7AA5DAB-5420-4340-92CF-DECCCC5BBB7F}.Debug|Any CPU.Build.0 = Debug|Any CPU
		{C7AA5DAB-5420-4340-92CF-DECCCC5BBB7F}.Release|Any CPU.ActiveCfg = Release|Any CPU
		{C7AA5DAB-5420-4340-92CF-DECCCC5BBB7F}.Release|Any CPU.Build.0 = Release|Any CPU
	EndGlobalSection
	GlobalSection(SolutionProperties) = preSolution
		HideSolutionNode = FALSE
	EndGlobalSection
	GlobalSection(ExtensibilityGlobals) = postSolution
		SolutionGuid = {9504DE08-AC41-4340-950E-9026E54719DE}
	EndGlobalSection
EndGlobal
